<?xml version="1.0" encoding="utf-8"?>
<Project ToolsVersion="4.0" xmlns="http://schemas.microsoft.com/developer/msbuild/2003">
  <ItemGroup>
    <Filter Include="Source Files">
      <UniqueIdentifier>{4FC737F1-C7A5-4376-A066-2A32D752A2FF}</UniqueIdentifier>
      <Extensions>cpp;c;cc;cxx;def;odl;idl;hpj;bat;asm;asmx</Extensions>
    </Filter>
    <Filter Include="Header Files">
      <UniqueIdentifier>{93995380-89BD-4b04-88EB-625FBE52EBFB}</UniqueIdentifier>
      <Extensions>h;hh;hpp;hxx;hm;inl;inc;ipp;xsd</Extensions>
    </Filter>
    <Filter Include="Resource Files">
      <UniqueIdentifier>{67DA6AB6-F800-4c08-8B7A-83BB121AAD01}</UniqueIdentifier>
      <Extensions>rc;ico;cur;bmp;dlg;rc2;rct;bin;rgs;gif;jpg;jpeg;jpe;resx;tiff;tif;png;wav;mfcribbon-ms</Extensions>
    </Filter>
  </ItemGroup>
  <ItemGroup>
    <ClCompile Include="src\Application.cpp">
      <Filter>Source Files</Filter>
    </ClCompile>
  </ItemGroup>
  <ItemGroup>
    <None Include="res\shaders\vertex.shader" />
    <None Include="res\shaders\fragment.shader" />
    <None Include="packages.config" />
    <None Include="res\object\cylinder\cylinder.fbx" />
    <None Include="res\object\cylinder\test.fbx" />
    <None Include="res\object\cylinder\anim_cylinder.fbx" />
    <None Include="res\object\cylinder\Baymax.fbx" />
    <None Include="res\object\cylinder\anim_cylinder2.fbx" />
    <None Include="res\object\cylinder\BaseMesh_Anim.fbx" />
    <None Include="res\object\cylinder\SpaceElemental.fbx" />
    <None Include="res\object\cylinder\alien.fbx" />
    <None Include="res\object\cylinder\Hulk_Animated.fbx" />
    <None Include="res\object\body\Mannequin_Animation.FBX" />
    <None Include="res\object\body\turtle.fbx" />
    <None Include="res\object\body\dinasour.fbx" />
    <None Include="res\object\body\pedobear_animated.fbx" />
    <None Include="res\object\body\groo.fbx" />
    <None Include="res\object\body\silly_dance.fbx" />
    <None Include="res\object\body\skinning_test.fbx" />
    <None Include="res\object\body\skinning_test_2.fbx" />
    <None Include="res\object\body\skinning_test_4.fbx" />
    <None Include="res\object\body\skinning_test_3.fbx" />
    <None Include="res\object\body\push_up.fbx" />
    <None Include="res\object\body\turtle_texture.fbx" />
    <None Include="res\shaders\lamp.vs" />
    <None Include="res\shaders\lamp.fs" />
  </ItemGroup>
  <ItemGroup>
    <ClInclude Include="src\Shader.h">
      <Filter>Header Files</Filter>
    </ClInclude>
    <ClInclude Include="src\Camera.h">
      <Filter>Header Files</Filter>
    </ClInclude>
    <ClInclude Include="src\Mesh.h">
      <Filter>Header Files</Filter>
    </ClInclude>
    <ClInclude Include="src\Model.h">
      <Filter>Header Files</Filter>
    </ClInclude>
    <ClInclude Include="src\stb_image.h">
      <Filter>Header Files</Filter>
    </ClInclude>
  </ItemGroup>
  <ItemGroup>
    <Image Include="res\texture\container.jpg">
      <Filter>Resource Files</Filter>
    </Image>
    <Image Include="res\texture\awesomeface.png">
      <Filter>Resource Files</Filter>
    </Image>
    <Image Include="res\object\body\texture\body_normal_subD0.jpg">
      <Filter>Resource Files</Filter>
    </Image>
    <Image Include="res\object\body\texture\all_color_final_5.jpg">
      <Filter>Resource Files</Filter>
    </Image>
    <Image Include="res\object\body\texture\eye_color.png">
      <Filter>Resource Files</Filter>
    </Image>
    <Image Include="res\object\body\texture\eye_iris_normals.png">
      <Filter>Resource Files</Filter>
    </Image>
    <Image Include="res\object\body\texture\eye_iris_color.png">
      <Filter>Resource Files</Filter>
    </Image>
    <Image Include="res\object\body\texture\eye_iris_spec.png">
      <Filter>Resource Files</Filter>
    </Image>
    <Image Include="res\object\body\pedobear.png">
      <Filter>Resource Files</Filter>
    </Image>
    <Image Include="res\object\body\Stormtrooper_D.png">
      <Filter>Resource Files</Filter>
    </Image>
  </ItemGroup>
</Project>